// !$*UTF8*$!
{
	archiveVersion = 1;
	classes = {
	};
	objectVersion = 50;
	objects = {

/* Begin PBXBuildFile section */
		22100EB924B84DB60019F0CA /* UIVIew+Animations.swift in Sources */ = {isa = PBXBuildFile; fileRef = 22100EB824B84DB60019F0CA /* UIVIew+Animations.swift */; };
		22100EBC24B852280019F0CA /* GameStatsViewController.swift in Sources */ = {isa = PBXBuildFile; fileRef = 22100EBA24B852280019F0CA /* GameStatsViewController.swift */; };
		2221D6F0249FF11D0096B63E /* CountdownView.swift in Sources */ = {isa = PBXBuildFile; fileRef = 2221D6EF249FF11D0096B63E /* CountdownView.swift */; };
		2224AF5224BCFE3200D0490A /* DequeuableTableViewCell.swift in Sources */ = {isa = PBXBuildFile; fileRef = 2224AF5124BCFE3200D0490A /* DequeuableTableViewCell.swift */; };
		2224AF5524BD8CF000D0490A /* StatsItemView.swift in Sources */ = {isa = PBXBuildFile; fileRef = 2224AF5324BD8CF000D0490A /* StatsItemView.swift */; };
		2224AF5624BD8CF000D0490A /* StatsItemView.xib in Resources */ = {isa = PBXBuildFile; fileRef = 2224AF5424BD8CF000D0490A /* StatsItemView.xib */; };
		2224B7DC24BF96FC00D0490A /* StatsHeaderFooterView.swift in Sources */ = {isa = PBXBuildFile; fileRef = 2224B7DA24BF96FC00D0490A /* StatsHeaderFooterView.swift */; };
		2224B7DD24BF96FC00D0490A /* StatsHeaderFooterView.xib in Resources */ = {isa = PBXBuildFile; fileRef = 2224B7DB24BF96FC00D0490A /* StatsHeaderFooterView.xib */; };
		222EDC322454CEC400F38F79 /* BackgroundManager.swift in Sources */ = {isa = PBXBuildFile; fileRef = 222EDC312454CEC400F38F79 /* BackgroundManager.swift */; };
		22301E09245E082E00FF0AD0 /* Bomb.swift in Sources */ = {isa = PBXBuildFile; fileRef = 22301E08245E082E00FF0AD0 /* Bomb.swift */; };
		2231C83925D1D41D00F428D4 /* ScoreAddV1.mp3 in Resources */ = {isa = PBXBuildFile; fileRef = 2231C83625D1D41D00F428D4 /* ScoreAddV1.mp3 */; };
		2231C83A25D1D41D00F428D4 /* ScoreAddV2.mp3 in Resources */ = {isa = PBXBuildFile; fileRef = 2231C83725D1D41D00F428D4 /* ScoreAddV2.mp3 */; };
		2231C83B25D1D41D00F428D4 /* ScoreSubtract.mp3 in Resources */ = {isa = PBXBuildFile; fileRef = 2231C83825D1D41D00F428D4 /* ScoreSubtract.mp3 */; };
		2242E03F24647623003889EA /* Banana.swift in Sources */ = {isa = PBXBuildFile; fileRef = 2242E03E24647623003889EA /* Banana.swift */; };
		2242E0492469D9CC003889EA /* BananaCollection.sks in Resources */ = {isa = PBXBuildFile; fileRef = 2242E0482469D9CC003889EA /* BananaCollection.sks */; };
		2242E075246E793D003889EA /* ApplicationEventsDispatcher.swift in Sources */ = {isa = PBXBuildFile; fileRef = 2242E074246E793D003889EA /* ApplicationEventsDispatcher.swift */; };
		2242E079246E799C003889EA /* Observable.swift in Sources */ = {isa = PBXBuildFile; fileRef = 2242E078246E799C003889EA /* Observable.swift */; };
		2242E07B246E7A0D003889EA /* GameState.swift in Sources */ = {isa = PBXBuildFile; fileRef = 2242E07A246E7A0D003889EA /* GameState.swift */; };
		2242E07D246E7A4B003889EA /* Environment.swift in Sources */ = {isa = PBXBuildFile; fileRef = 2242E07C246E7A4B003889EA /* Environment.swift */; };
		2242E07F246E7A7D003889EA /* EnvironmentConfigurer.swift in Sources */ = {isa = PBXBuildFile; fileRef = 2242E07E246E7A7D003889EA /* EnvironmentConfigurer.swift */; };
		2242E081246E7B8E003889EA /* CollisionEventsDispatcher.swift in Sources */ = {isa = PBXBuildFile; fileRef = 2242E080246E7B8E003889EA /* CollisionEventsDispatcher.swift */; };
		2242E099247304D6003889EA /* HealthBarView.xib in Resources */ = {isa = PBXBuildFile; fileRef = 2242E098247304D6003889EA /* HealthBarView.xib */; };
		2242E09B24730554003889EA /* HealthBarView.swift in Sources */ = {isa = PBXBuildFile; fileRef = 2242E09A24730554003889EA /* HealthBarView.swift */; };
		2242E0A124731A43003889EA /* Bundle+LoadFromNib.swift in Sources */ = {isa = PBXBuildFile; fileRef = 2242E0A024731A43003889EA /* Bundle+LoadFromNib.swift */; };
		2242E0A524731BA4003889EA /* UIView+Autolayout.swift in Sources */ = {isa = PBXBuildFile; fileRef = 2242E0A424731BA4003889EA /* UIView+Autolayout.swift */; };
		224B1295243FB5B400A540E5 /* Player.swift in Sources */ = {isa = PBXBuildFile; fileRef = 224B1294243FB5B400A540E5 /* Player.swift */; };
		224B12992444CE3F00A540E5 /* Coconut.swift in Sources */ = {isa = PBXBuildFile; fileRef = 224B12982444CE3F00A540E5 /* Coconut.swift */; };
		224B129B2444EF8600A540E5 /* Background.swift in Sources */ = {isa = PBXBuildFile; fileRef = 224B129A2444EF8600A540E5 /* Background.swift */; };
		224B129E2444F30C00A540E5 /* CoconutExplosionUp.sks in Resources */ = {isa = PBXBuildFile; fileRef = 224B129D2444F30C00A540E5 /* CoconutExplosionUp.sks */; };
		224B12A22445946800A540E5 /* ImpactPlayer.mp3 in Resources */ = {isa = PBXBuildFile; fileRef = 224B12A12445946800A540E5 /* ImpactPlayer.mp3 */; };
		224B12A42445958C00A540E5 /* ImpactFloor.mp3 in Resources */ = {isa = PBXBuildFile; fileRef = 224B12A32445958C00A540E5 /* ImpactFloor.mp3 */; };
		225EC69A2482BE2900ED0DD2 /* MenuTheme.mp3 in Resources */ = {isa = PBXBuildFile; fileRef = 225EC6972482BE2900ED0DD2 /* MenuTheme.mp3 */; };
		225EC69B2482BE2900ED0DD2 /* WorldmapTheme.mp3 in Resources */ = {isa = PBXBuildFile; fileRef = 225EC6982482BE2900ED0DD2 /* WorldmapTheme.mp3 */; };
		225EC69C2482BE2900ED0DD2 /* GrasslandsTheme.mp3 in Resources */ = {isa = PBXBuildFile; fileRef = 225EC6992482BE2900ED0DD2 /* GrasslandsTheme.mp3 */; };
		225EC6A02482CB8400ED0DD2 /* PlayerHurt.mp3 in Resources */ = {isa = PBXBuildFile; fileRef = 225EC69F2482CB8400ED0DD2 /* PlayerHurt.mp3 */; };
		225EC6A22482CF9F00ED0DD2 /* Explosion.mp3 in Resources */ = {isa = PBXBuildFile; fileRef = 225EC6A12482CF9E00ED0DD2 /* Explosion.mp3 */; };
		225EC6A42482F34600ED0DD2 /* AudioManager.swift in Sources */ = {isa = PBXBuildFile; fileRef = 225EC6A32482F34600ED0DD2 /* AudioManager.swift */; };
		225EC6B024854FCE00ED0DD2 /* Music.swift in Sources */ = {isa = PBXBuildFile; fileRef = 225EC6AF24854FCE00ED0DD2 /* Music.swift */; };
		225EC6B224854FDD00ED0DD2 /* SoundEffect.swift in Sources */ = {isa = PBXBuildFile; fileRef = 225EC6B124854FDD00ED0DD2 /* SoundEffect.swift */; };
		225EC6B4248589FD00ED0DD2 /* Monkey.swift in Sources */ = {isa = PBXBuildFile; fileRef = 225EC6B3248589FD00ED0DD2 /* Monkey.swift */; };
		225EC6B62486E03000ED0DD2 /* GameObjectsLayers.swift in Sources */ = {isa = PBXBuildFile; fileRef = 225EC6B52486E03000ED0DD2 /* GameObjectsLayers.swift */; };
		225EC6B824890EF400ED0DD2 /* GameLogic.swift in Sources */ = {isa = PBXBuildFile; fileRef = 225EC6B724890EF400ED0DD2 /* GameLogic.swift */; };
		225EC6BE248913EE00ED0DD2 /* Scheduler.swift in Sources */ = {isa = PBXBuildFile; fileRef = 225EC6BD248913EE00ED0DD2 /* Scheduler.swift */; };
		225EC6C02489249100ED0DD2 /* ActionTimer.swift in Sources */ = {isa = PBXBuildFile; fileRef = 225EC6BF2489249100ED0DD2 /* ActionTimer.swift */; };
		228AFFD42474698100982AD3 /* Kenney Future Narrow.ttf in Resources */ = {isa = PBXBuildFile; fileRef = 228AFFD22474698100982AD3 /* Kenney Future Narrow.ttf */; };
		228AFFD52474698100982AD3 /* Kenney Future.ttf in Resources */ = {isa = PBXBuildFile; fileRef = 228AFFD32474698100982AD3 /* Kenney Future.ttf */; };
		22942C862498E7BC00A4D136 /* PromptView.xib in Resources */ = {isa = PBXBuildFile; fileRef = 22942C852498E7BC00A4D136 /* PromptView.xib */; };
		22942C882498E7CF00A4D136 /* PromptView.swift in Sources */ = {isa = PBXBuildFile; fileRef = 22942C872498E7CF00A4D136 /* PromptView.swift */; };
		229C1271245733F00006F464 /* UIColor+Color.swift in Sources */ = {isa = PBXBuildFile; fileRef = 229C1270245733F00006F464 /* UIColor+Color.swift */; };
		22B3F1F82493E80200E1F4E2 /* Int+Tweenable.swift in Sources */ = {isa = PBXBuildFile; fileRef = 22B3F1F72493E80200E1F4E2 /* Int+Tweenable.swift */; };
		22B3F1FF24965E2E00E1F4E2 /* DistanceBarView.swift in Sources */ = {isa = PBXBuildFile; fileRef = 22B3F1FD24965E2D00E1F4E2 /* DistanceBarView.swift */; };
		22B3F20024965E2E00E1F4E2 /* DistanceBarView.xib in Resources */ = {isa = PBXBuildFile; fileRef = 22B3F1FE24965E2D00E1F4E2 /* DistanceBarView.xib */; };
		22B3F20624976FA500E1F4E2 /* FoundationExtended.framework in Frameworks */ = {isa = PBXBuildFile; fileRef = 22B3F20424976FA500E1F4E2 /* FoundationExtended.framework */; };
		22B3F20724976FA500E1F4E2 /* TweenKit.framework in Frameworks */ = {isa = PBXBuildFile; fileRef = 22B3F20524976FA500E1F4E2 /* TweenKit.framework */; };
		22B3F20B249772BA00E1F4E2 /* UIViewController+ChildViewController.swift in Sources */ = {isa = PBXBuildFile; fileRef = 22B3F20A249772BA00E1F4E2 /* UIViewController+ChildViewController.swift */; };
		22B3F20E249772E900E1F4E2 /* MenuViewController.swift in Sources */ = {isa = PBXBuildFile; fileRef = 22B3F20C249772E900E1F4E2 /* MenuViewController.swift */; };
		22B3F2122497ACD800E1F4E2 /* Device+Extensions.swift in Sources */ = {isa = PBXBuildFile; fileRef = 22B3F2112497ACD800E1F4E2 /* Device+Extensions.swift */; };
		22B3F2142497AD0500E1F4E2 /* AVFoundation.framework in Frameworks */ = {isa = PBXBuildFile; fileRef = 22B3F2132497AD0500E1F4E2 /* AVFoundation.framework */; };
		22B3F2162497C22A00E1F4E2 /* MainMenuView.xib in Resources */ = {isa = PBXBuildFile; fileRef = 22B3F2152497C22A00E1F4E2 /* MainMenuView.xib */; };
		22B3F2182497C26A00E1F4E2 /* MainMenuView.swift in Sources */ = {isa = PBXBuildFile; fileRef = 22B3F2172497C26A00E1F4E2 /* MainMenuView.swift */; };
		22B3F21B2497CAEC00E1F4E2 /* PauseMenuView.xib in Resources */ = {isa = PBXBuildFile; fileRef = 22B3F21A2497CAEC00E1F4E2 /* PauseMenuView.xib */; };
		22B3F21D2497CAF900E1F4E2 /* PauseMenuView.swift in Sources */ = {isa = PBXBuildFile; fileRef = 22B3F21C2497CAF900E1F4E2 /* PauseMenuView.swift */; };
		22B3F21F2497CE6A00E1F4E2 /* soupofjustice.ttf in Resources */ = {isa = PBXBuildFile; fileRef = 22B3F21E2497CE5300E1F4E2 /* soupofjustice.ttf */; };
		22D02352248BD67F00B12A33 /* GameOverMusic.wav in Resources */ = {isa = PBXBuildFile; fileRef = 22D02351248BD67F00B12A33 /* GameOverMusic.wav */; };
		22D02354248BD6BA00B12A33 /* PlayerDied.wav in Resources */ = {isa = PBXBuildFile; fileRef = 22D02353248BD6BA00B12A33 /* PlayerDied.wav */; };
		22D35D9E244CE7DE005E3E83 /* GameNode.swift in Sources */ = {isa = PBXBuildFile; fileRef = 22D35D9D244CE7DE005E3E83 /* GameNode.swift */; };
		22EF04C425D0354200C3E080 /* Fonts.swift in Sources */ = {isa = PBXBuildFile; fileRef = 22EF04C325D0354200C3E080 /* Fonts.swift */; };
		22EF04C825D0368200C3E080 /* Device.swift in Sources */ = {isa = PBXBuildFile; fileRef = 22EF04C725D0368200C3E080 /* Device.swift */; };
		22EF04CE25D0383F00C3E080 /* CGRect+Extensions.swift in Sources */ = {isa = PBXBuildFile; fileRef = 22EF04CD25D0383F00C3E080 /* CGRect+Extensions.swift */; };
		22EF04D225D0385200C3E080 /* CGSize+Extensions.swift in Sources */ = {isa = PBXBuildFile; fileRef = 22EF04D125D0385200C3E080 /* CGSize+Extensions.swift */; };
		22EF07A3245F13D30085ABCC /* CollisionType.swift in Sources */ = {isa = PBXBuildFile; fileRef = 22EF07A2245F13D30085ABCC /* CollisionType.swift */; };
		22EF07A5245F13EC0085ABCC /* CollisionDetectionManager.swift in Sources */ = {isa = PBXBuildFile; fileRef = 22EF07A4245F13EC0085ABCC /* CollisionDetectionManager.swift */; };
		22EF07A8245F2C4F0085ABCC /* Explosion.sks in Resources */ = {isa = PBXBuildFile; fileRef = 22EF07A6245F2C4F0085ABCC /* Explosion.sks */; };
		22EF07AB245F2D460085ABCC /* ExplosionUp.sks in Resources */ = {isa = PBXBuildFile; fileRef = 22EF07AA245F2D460085ABCC /* ExplosionUp.sks */; };
		22F27A0E24B1CDD100EF455D /* GameStatsViewController.xib in Resources */ = {isa = PBXBuildFile; fileRef = 22F27A0D24B1CDD100EF455D /* GameStatsViewController.xib */; };
		22F2CF07243B0C1200858120 /* AppDelegate.swift in Sources */ = {isa = PBXBuildFile; fileRef = 22F2CF06243B0C1200858120 /* AppDelegate.swift */; };
		22F2CF0D243B0C1200858120 /* GameScene.swift in Sources */ = {isa = PBXBuildFile; fileRef = 22F2CF0C243B0C1200858120 /* GameScene.swift */; };
		22F2CF0F243B0C1200858120 /* GameViewController.swift in Sources */ = {isa = PBXBuildFile; fileRef = 22F2CF0E243B0C1200858120 /* GameViewController.swift */; };
		22F2CF12243B0C1200858120 /* Main.storyboard in Resources */ = {isa = PBXBuildFile; fileRef = 22F2CF10243B0C1200858120 /* Main.storyboard */; };
		22F2CF14243B0C1400858120 /* Assets.xcassets in Resources */ = {isa = PBXBuildFile; fileRef = 22F2CF13243B0C1400858120 /* Assets.xcassets */; };
		22F2CF17243B0C1400858120 /* LaunchScreen.storyboard in Resources */ = {isa = PBXBuildFile; fileRef = 22F2CF15243B0C1400858120 /* LaunchScreen.storyboard */; };
		22F2CF22243B0C1400858120 /* TropicalRunnerTests.swift in Sources */ = {isa = PBXBuildFile; fileRef = 22F2CF21243B0C1400858120 /* TropicalRunnerTests.swift */; };
		22F2CF63243B9F4A00858120 /* CoconutExplosion.sks in Resources */ = {isa = PBXBuildFile; fileRef = 22F2CF62243B9F4A00858120 /* CoconutExplosion.sks */; };
		22F2CF67243BDDE500858120 /* PalmTree.swift in Sources */ = {isa = PBXBuildFile; fileRef = 22F2CF66243BDDE500858120 /* PalmTree.swift */; };
		22F90EB125D34EBC00266247 /* CollectItem.wav in Resources */ = {isa = PBXBuildFile; fileRef = 22F90EB025D34EBC00266247 /* CollectItem.wav */; };
/* End PBXBuildFile section */

/* Begin PBXContainerItemProxy section */
		22F2CF1E243B0C1400858120 /* PBXContainerItemProxy */ = {
			isa = PBXContainerItemProxy;
			containerPortal = 22F2CEFB243B0C1200858120 /* Project object */;
			proxyType = 1;
			remoteGlobalIDString = 22F2CF02243B0C1200858120;
			remoteInfo = CoconutBasket;
		};
/* End PBXContainerItemProxy section */

/* Begin PBXFileReference section */
		22100EB824B84DB60019F0CA /* UIVIew+Animations.swift */ = {isa = PBXFileReference; lastKnownFileType = sourcecode.swift; path = "UIVIew+Animations.swift"; sourceTree = "<group>"; };
		22100EBA24B852280019F0CA /* GameStatsViewController.swift */ = {isa = PBXFileReference; lastKnownFileType = sourcecode.swift; path = GameStatsViewController.swift; sourceTree = "<group>"; };
		2221D6EF249FF11D0096B63E /* CountdownView.swift */ = {isa = PBXFileReference; lastKnownFileType = sourcecode.swift; path = CountdownView.swift; sourceTree = "<group>"; };
		2224AF5124BCFE3200D0490A /* DequeuableTableViewCell.swift */ = {isa = PBXFileReference; lastKnownFileType = sourcecode.swift; path = DequeuableTableViewCell.swift; sourceTree = "<group>"; };
		2224AF5324BD8CF000D0490A /* StatsItemView.swift */ = {isa = PBXFileReference; lastKnownFileType = sourcecode.swift; path = StatsItemView.swift; sourceTree = "<group>"; };
		2224AF5424BD8CF000D0490A /* StatsItemView.xib */ = {isa = PBXFileReference; lastKnownFileType = file.xib; path = StatsItemView.xib; sourceTree = "<group>"; };
		2224B7DA24BF96FC00D0490A /* StatsHeaderFooterView.swift */ = {isa = PBXFileReference; lastKnownFileType = sourcecode.swift; path = StatsHeaderFooterView.swift; sourceTree = "<group>"; };
		2224B7DB24BF96FC00D0490A /* StatsHeaderFooterView.xib */ = {isa = PBXFileReference; lastKnownFileType = file.xib; path = StatsHeaderFooterView.xib; sourceTree = "<group>"; };
		222EDC312454CEC400F38F79 /* BackgroundManager.swift */ = {isa = PBXFileReference; lastKnownFileType = sourcecode.swift; path = BackgroundManager.swift; sourceTree = "<group>"; };
		22301E08245E082E00FF0AD0 /* Bomb.swift */ = {isa = PBXFileReference; lastKnownFileType = sourcecode.swift; path = Bomb.swift; sourceTree = "<group>"; };
		2231C83625D1D41D00F428D4 /* ScoreAddV1.mp3 */ = {isa = PBXFileReference; lastKnownFileType = audio.mp3; path = ScoreAddV1.mp3; sourceTree = "<group>"; };
		2231C83725D1D41D00F428D4 /* ScoreAddV2.mp3 */ = {isa = PBXFileReference; lastKnownFileType = audio.mp3; path = ScoreAddV2.mp3; sourceTree = "<group>"; };
		2231C83825D1D41D00F428D4 /* ScoreSubtract.mp3 */ = {isa = PBXFileReference; lastKnownFileType = audio.mp3; path = ScoreSubtract.mp3; sourceTree = "<group>"; };
		2242E03E24647623003889EA /* Banana.swift */ = {isa = PBXFileReference; lastKnownFileType = sourcecode.swift; path = Banana.swift; sourceTree = "<group>"; };
		2242E0482469D9CC003889EA /* BananaCollection.sks */ = {isa = PBXFileReference; lastKnownFileType = file.sks; path = BananaCollection.sks; sourceTree = "<group>"; };
		2242E074246E793D003889EA /* ApplicationEventsDispatcher.swift */ = {isa = PBXFileReference; lastKnownFileType = sourcecode.swift; path = ApplicationEventsDispatcher.swift; sourceTree = "<group>"; };
		2242E078246E799C003889EA /* Observable.swift */ = {isa = PBXFileReference; lastKnownFileType = sourcecode.swift; path = Observable.swift; sourceTree = "<group>"; };
		2242E07A246E7A0D003889EA /* GameState.swift */ = {isa = PBXFileReference; lastKnownFileType = sourcecode.swift; path = GameState.swift; sourceTree = "<group>"; };
		2242E07C246E7A4B003889EA /* Environment.swift */ = {isa = PBXFileReference; lastKnownFileType = sourcecode.swift; path = Environment.swift; sourceTree = "<group>"; };
		2242E07E246E7A7D003889EA /* EnvironmentConfigurer.swift */ = {isa = PBXFileReference; lastKnownFileType = sourcecode.swift; path = EnvironmentConfigurer.swift; sourceTree = "<group>"; };
		2242E080246E7B8E003889EA /* CollisionEventsDispatcher.swift */ = {isa = PBXFileReference; lastKnownFileType = sourcecode.swift; path = CollisionEventsDispatcher.swift; sourceTree = "<group>"; };
		2242E098247304D6003889EA /* HealthBarView.xib */ = {isa = PBXFileReference; lastKnownFileType = file.xib; path = HealthBarView.xib; sourceTree = "<group>"; };
		2242E09A24730554003889EA /* HealthBarView.swift */ = {isa = PBXFileReference; lastKnownFileType = sourcecode.swift; path = HealthBarView.swift; sourceTree = "<group>"; };
		2242E0A024731A43003889EA /* Bundle+LoadFromNib.swift */ = {isa = PBXFileReference; lastKnownFileType = sourcecode.swift; path = "Bundle+LoadFromNib.swift"; sourceTree = "<group>"; };
		2242E0A424731BA4003889EA /* UIView+Autolayout.swift */ = {isa = PBXFileReference; lastKnownFileType = sourcecode.swift; path = "UIView+Autolayout.swift"; sourceTree = "<group>"; };
		224B1294243FB5B400A540E5 /* Player.swift */ = {isa = PBXFileReference; lastKnownFileType = sourcecode.swift; path = Player.swift; sourceTree = "<group>"; };
		224B12982444CE3F00A540E5 /* Coconut.swift */ = {isa = PBXFileReference; lastKnownFileType = sourcecode.swift; path = Coconut.swift; sourceTree = "<group>"; };
		224B129A2444EF8600A540E5 /* Background.swift */ = {isa = PBXFileReference; lastKnownFileType = sourcecode.swift; path = Background.swift; sourceTree = "<group>"; };
		224B129D2444F30C00A540E5 /* CoconutExplosionUp.sks */ = {isa = PBXFileReference; lastKnownFileType = file.sks; path = CoconutExplosionUp.sks; sourceTree = "<group>"; };
		224B12A12445946800A540E5 /* ImpactPlayer.mp3 */ = {isa = PBXFileReference; lastKnownFileType = audio.mp3; path = ImpactPlayer.mp3; sourceTree = "<group>"; };
		224B12A32445958C00A540E5 /* ImpactFloor.mp3 */ = {isa = PBXFileReference; lastKnownFileType = audio.mp3; path = ImpactFloor.mp3; sourceTree = "<group>"; };
		225EC6972482BE2900ED0DD2 /* MenuTheme.mp3 */ = {isa = PBXFileReference; lastKnownFileType = audio.mp3; path = MenuTheme.mp3; sourceTree = "<group>"; };
		225EC6982482BE2900ED0DD2 /* WorldmapTheme.mp3 */ = {isa = PBXFileReference; lastKnownFileType = audio.mp3; path = WorldmapTheme.mp3; sourceTree = "<group>"; };
		225EC6992482BE2900ED0DD2 /* GrasslandsTheme.mp3 */ = {isa = PBXFileReference; lastKnownFileType = audio.mp3; path = GrasslandsTheme.mp3; sourceTree = "<group>"; };
		225EC69F2482CB8400ED0DD2 /* PlayerHurt.mp3 */ = {isa = PBXFileReference; lastKnownFileType = audio.mp3; path = PlayerHurt.mp3; sourceTree = "<group>"; };
		225EC6A12482CF9E00ED0DD2 /* Explosion.mp3 */ = {isa = PBXFileReference; lastKnownFileType = audio.mp3; path = Explosion.mp3; sourceTree = "<group>"; };
		225EC6A32482F34600ED0DD2 /* AudioManager.swift */ = {isa = PBXFileReference; lastKnownFileType = sourcecode.swift; path = AudioManager.swift; sourceTree = "<group>"; };
		225EC6AF24854FCE00ED0DD2 /* Music.swift */ = {isa = PBXFileReference; lastKnownFileType = sourcecode.swift; path = Music.swift; sourceTree = "<group>"; };
		225EC6B124854FDD00ED0DD2 /* SoundEffect.swift */ = {isa = PBXFileReference; lastKnownFileType = sourcecode.swift; path = SoundEffect.swift; sourceTree = "<group>"; };
		225EC6B3248589FD00ED0DD2 /* Monkey.swift */ = {isa = PBXFileReference; lastKnownFileType = sourcecode.swift; path = Monkey.swift; sourceTree = "<group>"; };
		225EC6B52486E03000ED0DD2 /* GameObjectsLayers.swift */ = {isa = PBXFileReference; lastKnownFileType = sourcecode.swift; path = GameObjectsLayers.swift; sourceTree = "<group>"; };
		225EC6B724890EF400ED0DD2 /* GameLogic.swift */ = {isa = PBXFileReference; lastKnownFileType = sourcecode.swift; path = GameLogic.swift; sourceTree = "<group>"; };
		225EC6BD248913EE00ED0DD2 /* Scheduler.swift */ = {isa = PBXFileReference; lastKnownFileType = sourcecode.swift; path = Scheduler.swift; sourceTree = "<group>"; };
		225EC6BF2489249100ED0DD2 /* ActionTimer.swift */ = {isa = PBXFileReference; lastKnownFileType = sourcecode.swift; path = ActionTimer.swift; sourceTree = "<group>"; };
		228AFFD22474698100982AD3 /* Kenney Future Narrow.ttf */ = {isa = PBXFileReference; lastKnownFileType = file; path = "Kenney Future Narrow.ttf"; sourceTree = "<group>"; };
		228AFFD32474698100982AD3 /* Kenney Future.ttf */ = {isa = PBXFileReference; lastKnownFileType = file; path = "Kenney Future.ttf"; sourceTree = "<group>"; };
		22942C852498E7BC00A4D136 /* PromptView.xib */ = {isa = PBXFileReference; lastKnownFileType = file.xib; path = PromptView.xib; sourceTree = "<group>"; };
		22942C872498E7CF00A4D136 /* PromptView.swift */ = {isa = PBXFileReference; lastKnownFileType = sourcecode.swift; path = PromptView.swift; sourceTree = "<group>"; };
		229C1270245733F00006F464 /* UIColor+Color.swift */ = {isa = PBXFileReference; lastKnownFileType = sourcecode.swift; path = "UIColor+Color.swift"; sourceTree = "<group>"; };
		22B3F1F72493E80200E1F4E2 /* Int+Tweenable.swift */ = {isa = PBXFileReference; lastKnownFileType = sourcecode.swift; path = "Int+Tweenable.swift"; sourceTree = "<group>"; };
		22B3F1FD24965E2D00E1F4E2 /* DistanceBarView.swift */ = {isa = PBXFileReference; fileEncoding = 4; lastKnownFileType = sourcecode.swift; path = DistanceBarView.swift; sourceTree = "<group>"; };
		22B3F1FE24965E2D00E1F4E2 /* DistanceBarView.xib */ = {isa = PBXFileReference; fileEncoding = 4; lastKnownFileType = file.xib; path = DistanceBarView.xib; sourceTree = "<group>"; };
		22B3F20424976FA500E1F4E2 /* FoundationExtended.framework */ = {isa = PBXFileReference; lastKnownFileType = wrapper.framework; name = FoundationExtended.framework; path = Carthage/Build/iOS/FoundationExtended.framework; sourceTree = "<group>"; };
		22B3F20524976FA500E1F4E2 /* TweenKit.framework */ = {isa = PBXFileReference; lastKnownFileType = wrapper.framework; name = TweenKit.framework; path = Carthage/Build/iOS/TweenKit.framework; sourceTree = "<group>"; };
		22B3F20A249772BA00E1F4E2 /* UIViewController+ChildViewController.swift */ = {isa = PBXFileReference; lastKnownFileType = sourcecode.swift; path = "UIViewController+ChildViewController.swift"; sourceTree = "<group>"; };
		22B3F20C249772E900E1F4E2 /* MenuViewController.swift */ = {isa = PBXFileReference; lastKnownFileType = sourcecode.swift; path = MenuViewController.swift; sourceTree = "<group>"; };
		22B3F2112497ACD800E1F4E2 /* Device+Extensions.swift */ = {isa = PBXFileReference; lastKnownFileType = sourcecode.swift; path = "Device+Extensions.swift"; sourceTree = "<group>"; };
		22B3F2132497AD0500E1F4E2 /* AVFoundation.framework */ = {isa = PBXFileReference; lastKnownFileType = wrapper.framework; name = AVFoundation.framework; path = System/Library/Frameworks/AVFoundation.framework; sourceTree = SDKROOT; };
		22B3F2152497C22A00E1F4E2 /* MainMenuView.xib */ = {isa = PBXFileReference; lastKnownFileType = file.xib; path = MainMenuView.xib; sourceTree = "<group>"; };
		22B3F2172497C26A00E1F4E2 /* MainMenuView.swift */ = {isa = PBXFileReference; lastKnownFileType = sourcecode.swift; path = MainMenuView.swift; sourceTree = "<group>"; };
		22B3F21A2497CAEC00E1F4E2 /* PauseMenuView.xib */ = {isa = PBXFileReference; lastKnownFileType = file.xib; path = PauseMenuView.xib; sourceTree = "<group>"; };
		22B3F21C2497CAF900E1F4E2 /* PauseMenuView.swift */ = {isa = PBXFileReference; lastKnownFileType = sourcecode.swift; path = PauseMenuView.swift; sourceTree = "<group>"; };
		22B3F21E2497CE5300E1F4E2 /* soupofjustice.ttf */ = {isa = PBXFileReference; lastKnownFileType = file; path = soupofjustice.ttf; sourceTree = "<group>"; };
		22D02351248BD67F00B12A33 /* GameOverMusic.wav */ = {isa = PBXFileReference; lastKnownFileType = audio.wav; path = GameOverMusic.wav; sourceTree = "<group>"; };
		22D02353248BD6BA00B12A33 /* PlayerDied.wav */ = {isa = PBXFileReference; lastKnownFileType = audio.wav; path = PlayerDied.wav; sourceTree = "<group>"; };
		22D35D9D244CE7DE005E3E83 /* GameNode.swift */ = {isa = PBXFileReference; lastKnownFileType = sourcecode.swift; path = GameNode.swift; sourceTree = "<group>"; };
		22EF04C325D0354200C3E080 /* Fonts.swift */ = {isa = PBXFileReference; lastKnownFileType = sourcecode.swift; path = Fonts.swift; sourceTree = "<group>"; };
		22EF04C725D0368200C3E080 /* Device.swift */ = {isa = PBXFileReference; lastKnownFileType = sourcecode.swift; path = Device.swift; sourceTree = "<group>"; };
		22EF04CD25D0383F00C3E080 /* CGRect+Extensions.swift */ = {isa = PBXFileReference; lastKnownFileType = sourcecode.swift; path = "CGRect+Extensions.swift"; sourceTree = "<group>"; };
		22EF04D125D0385200C3E080 /* CGSize+Extensions.swift */ = {isa = PBXFileReference; lastKnownFileType = sourcecode.swift; path = "CGSize+Extensions.swift"; sourceTree = "<group>"; };
		22EF07A2245F13D30085ABCC /* CollisionType.swift */ = {isa = PBXFileReference; lastKnownFileType = sourcecode.swift; path = CollisionType.swift; sourceTree = "<group>"; };
		22EF07A4245F13EC0085ABCC /* CollisionDetectionManager.swift */ = {isa = PBXFileReference; lastKnownFileType = sourcecode.swift; path = CollisionDetectionManager.swift; sourceTree = "<group>"; };
		22EF07A6245F2C4F0085ABCC /* Explosion.sks */ = {isa = PBXFileReference; lastKnownFileType = file.sks; path = Explosion.sks; sourceTree = "<group>"; };
		22EF07AA245F2D460085ABCC /* ExplosionUp.sks */ = {isa = PBXFileReference; lastKnownFileType = file.sks; path = ExplosionUp.sks; sourceTree = "<group>"; };
		22F27A0D24B1CDD100EF455D /* GameStatsViewController.xib */ = {isa = PBXFileReference; lastKnownFileType = file.xib; path = GameStatsViewController.xib; sourceTree = "<group>"; };
		22F2CF03243B0C1200858120 /* TropicalRunner.app */ = {isa = PBXFileReference; explicitFileType = wrapper.application; includeInIndex = 0; path = TropicalRunner.app; sourceTree = BUILT_PRODUCTS_DIR; };
		22F2CF06243B0C1200858120 /* AppDelegate.swift */ = {isa = PBXFileReference; lastKnownFileType = sourcecode.swift; path = AppDelegate.swift; sourceTree = "<group>"; };
		22F2CF0C243B0C1200858120 /* GameScene.swift */ = {isa = PBXFileReference; lastKnownFileType = sourcecode.swift; path = GameScene.swift; sourceTree = "<group>"; };
		22F2CF0E243B0C1200858120 /* GameViewController.swift */ = {isa = PBXFileReference; lastKnownFileType = sourcecode.swift; path = GameViewController.swift; sourceTree = "<group>"; };
		22F2CF11243B0C1200858120 /* Base */ = {isa = PBXFileReference; lastKnownFileType = file.storyboard; name = Base; path = Base.lproj/Main.storyboard; sourceTree = "<group>"; };
		22F2CF13243B0C1400858120 /* Assets.xcassets */ = {isa = PBXFileReference; lastKnownFileType = folder.assetcatalog; path = Assets.xcassets; sourceTree = "<group>"; };
		22F2CF16243B0C1400858120 /* Base */ = {isa = PBXFileReference; lastKnownFileType = file.storyboard; name = Base; path = Base.lproj/LaunchScreen.storyboard; sourceTree = "<group>"; };
		22F2CF18243B0C1400858120 /* Info.plist */ = {isa = PBXFileReference; lastKnownFileType = text.plist.xml; path = Info.plist; sourceTree = "<group>"; };
		22F2CF1D243B0C1400858120 /* TropicalRunnerTests.xctest */ = {isa = PBXFileReference; explicitFileType = wrapper.cfbundle; includeInIndex = 0; path = TropicalRunnerTests.xctest; sourceTree = BUILT_PRODUCTS_DIR; };
		22F2CF21243B0C1400858120 /* TropicalRunnerTests.swift */ = {isa = PBXFileReference; lastKnownFileType = sourcecode.swift; path = TropicalRunnerTests.swift; sourceTree = "<group>"; };
		22F2CF23243B0C1400858120 /* Info.plist */ = {isa = PBXFileReference; lastKnownFileType = text.plist.xml; path = Info.plist; sourceTree = "<group>"; };
		22F2CF62243B9F4A00858120 /* CoconutExplosion.sks */ = {isa = PBXFileReference; lastKnownFileType = file.sks; path = CoconutExplosion.sks; sourceTree = "<group>"; };
		22F2CF66243BDDE500858120 /* PalmTree.swift */ = {isa = PBXFileReference; lastKnownFileType = sourcecode.swift; path = PalmTree.swift; sourceTree = "<group>"; };
		22F90EB025D34EBC00266247 /* CollectItem.wav */ = {isa = PBXFileReference; lastKnownFileType = audio.wav; path = CollectItem.wav; sourceTree = "<group>"; };
/* End PBXFileReference section */

/* Begin PBXFrameworksBuildPhase section */
		22F2CF00243B0C1200858120 /* Frameworks */ = {
			isa = PBXFrameworksBuildPhase;
			buildActionMask = 2147483647;
			files = (
				22B3F20624976FA500E1F4E2 /* FoundationExtended.framework in Frameworks */,
				22B3F20724976FA500E1F4E2 /* TweenKit.framework in Frameworks */,
				22B3F2142497AD0500E1F4E2 /* AVFoundation.framework in Frameworks */,
			);
			runOnlyForDeploymentPostprocessing = 0;
		};
		22F2CF1A243B0C1400858120 /* Frameworks */ = {
			isa = PBXFrameworksBuildPhase;
			buildActionMask = 2147483647;
			files = (
			);
			runOnlyForDeploymentPostprocessing = 0;
		};
/* End PBXFrameworksBuildPhase section */

/* Begin PBXGroup section */
		222EDC332455D9BA00F38F79 /* Nodes */ = {
			isa = PBXGroup;
			children = (
				22301E07245E080A00FF0AD0 /* Background */,
				22301E06245E07F500FF0AD0 /* Palm Tree */,
				22D35D9D244CE7DE005E3E83 /* GameNode.swift */,
				224B1294243FB5B400A540E5 /* Player.swift */,
				225EC6B52486E03000ED0DD2 /* GameObjectsLayers.swift */,
			);
			path = Nodes;
			sourceTree = "<group>";
		};
		22301E06245E07F500FF0AD0 /* Palm Tree */ = {
			isa = PBXGroup;
			children = (
				22F2CF66243BDDE500858120 /* PalmTree.swift */,
				224B12982444CE3F00A540E5 /* Coconut.swift */,
				22301E08245E082E00FF0AD0 /* Bomb.swift */,
				2242E03E24647623003889EA /* Banana.swift */,
				225EC6B3248589FD00ED0DD2 /* Monkey.swift */,
			);
			path = "Palm Tree";
			sourceTree = "<group>";
		};
		22301E07245E080A00FF0AD0 /* Background */ = {
			isa = PBXGroup;
			children = (
				224B129A2444EF8600A540E5 /* Background.swift */,
			);
			path = Background;
			sourceTree = "<group>";
		};
		2231C83525D1D3E300F428D4 /* Scoring */ = {
			isa = PBXGroup;
			children = (
				2231C83625D1D41D00F428D4 /* ScoreAddV1.mp3 */,
				2231C83725D1D41D00F428D4 /* ScoreAddV2.mp3 */,
				2231C83825D1D41D00F428D4 /* ScoreSubtract.mp3 */,
			);
			path = Scoring;
			sourceTree = "<group>";
		};
		2242E072246E789D003889EA /* Protocols */ = {
			isa = PBXGroup;
			children = (
				2242E078246E799C003889EA /* Observable.swift */,
				2224AF5124BCFE3200D0490A /* DequeuableTableViewCell.swift */,
				22EF04C725D0368200C3E080 /* Device.swift */,
			);
			path = Protocols;
			sourceTree = "<group>";
		};
		2242E073246E791B003889EA /* Utilities */ = {
			isa = PBXGroup;
			children = (
				2242E074246E793D003889EA /* ApplicationEventsDispatcher.swift */,
				2242E07E246E7A7D003889EA /* EnvironmentConfigurer.swift */,
				2242E080246E7B8E003889EA /* CollisionEventsDispatcher.swift */,
				225EC6BD248913EE00ED0DD2 /* Scheduler.swift */,
				225EC6BF2489249100ED0DD2 /* ActionTimer.swift */,
				22EF04C325D0354200C3E080 /* Fonts.swift */,
			);
			path = Utilities;
			sourceTree = "<group>";
		};
		2242E0962473046B003889EA /* HUD */ = {
			isa = PBXGroup;
			children = (
				2242E09724730493003889EA /* Views */,
			);
			path = HUD;
			sourceTree = "<group>";
		};
		2242E09724730493003889EA /* Views */ = {
			isa = PBXGroup;
			children = (
				22B3F1FD24965E2D00E1F4E2 /* DistanceBarView.swift */,
				22B3F1FE24965E2D00E1F4E2 /* DistanceBarView.xib */,
				2242E09A24730554003889EA /* HealthBarView.swift */,
				2242E098247304D6003889EA /* HealthBarView.xib */,
			);
			path = Views;
			sourceTree = "<group>";
		};
		2242E09E24731A22003889EA /* Foundation */ = {
			isa = PBXGroup;
			children = (
				22EF04CC25D0382D00C3E080 /* CGSize */,
				22EF04CB25D0381900C3E080 /* CGRect */,
				22B3F1F62493E7F200E1F4E2 /* Int */,
				2242E09F24731A2C003889EA /* Bundle */,
			);
			path = Foundation;
			sourceTree = "<group>";
		};
		2242E09F24731A2C003889EA /* Bundle */ = {
			isa = PBXGroup;
			children = (
				2242E0A024731A43003889EA /* Bundle+LoadFromNib.swift */,
			);
			path = Bundle;
			sourceTree = "<group>";
		};
		2242E0A224731B85003889EA /* UIKit */ = {
			isa = PBXGroup;
			children = (
				22B3F2092497729B00E1F4E2 /* UIViewController */,
				2242E0A324731B8E003889EA /* UIView */,
			);
			path = UIKit;
			sourceTree = "<group>";
		};
		2242E0A324731B8E003889EA /* UIView */ = {
			isa = PBXGroup;
			children = (
				2242E0A424731BA4003889EA /* UIView+Autolayout.swift */,
				22100EB824B84DB60019F0CA /* UIVIew+Animations.swift */,
			);
			path = UIView;
			sourceTree = "<group>";
		};
		224B129C2444F28B00A540E5 /* Game */ = {
			isa = PBXGroup;
			children = (
				225EC6AA2485383600ED0DD2 /* Audio */,
				22EF07A1245F13BC0085ABCC /* Collision */,
				222EDC332455D9BA00F38F79 /* Nodes */,
				22F2CF0C243B0C1200858120 /* GameScene.swift */,
				222EDC312454CEC400F38F79 /* BackgroundManager.swift */,
				2242E07A246E7A0D003889EA /* GameState.swift */,
				225EC6B724890EF400ED0DD2 /* GameLogic.swift */,
			);
			path = Game;
			sourceTree = "<group>";
		};
		225EC6962482BE0A00ED0DD2 /* Background Music */ = {
			isa = PBXGroup;
			children = (
				225EC6992482BE2900ED0DD2 /* GrasslandsTheme.mp3 */,
				225EC6972482BE2900ED0DD2 /* MenuTheme.mp3 */,
				22D02351248BD67F00B12A33 /* GameOverMusic.wav */,
				225EC6982482BE2900ED0DD2 /* WorldmapTheme.mp3 */,
				22D02353248BD6BA00B12A33 /* PlayerDied.wav */,
			);
			path = "Background Music";
			sourceTree = "<group>";
		};
		225EC6A62485374200ED0DD2 /* AVKit */ = {
			isa = PBXGroup;
			children = (
				22B3F2102497ACC800E1F4E2 /* Device */,
			);
			path = AVKit;
			sourceTree = "<group>";
		};
		225EC6AA2485383600ED0DD2 /* Audio */ = {
			isa = PBXGroup;
			children = (
				225EC6A32482F34600ED0DD2 /* AudioManager.swift */,
				225EC6AF24854FCE00ED0DD2 /* Music.swift */,
				225EC6B124854FDD00ED0DD2 /* SoundEffect.swift */,
			);
			path = Audio;
			sourceTree = "<group>";
		};
		228AFFD12474696D00982AD3 /* Fonts */ = {
			isa = PBXGroup;
			children = (
				22B3F21E2497CE5300E1F4E2 /* soupofjustice.ttf */,
				228AFFD22474698100982AD3 /* Kenney Future Narrow.ttf */,
				228AFFD32474698100982AD3 /* Kenney Future.ttf */,
			);
			path = Fonts;
			sourceTree = "<group>";
		};
		229C126F245733DD0006F464 /* Extensions */ = {
			isa = PBXGroup;
			children = (
				225EC6A62485374200ED0DD2 /* AVKit */,
				2242E0A224731B85003889EA /* UIKit */,
				2242E09E24731A22003889EA /* Foundation */,
				229C1270245733F00006F464 /* UIColor+Color.swift */,
			);
			path = Extensions;
			sourceTree = "<group>";
		};
		229D56D3244B5FCC0067465D /* Resources */ = {
			isa = PBXGroup;
			children = (
				229D56D6244B60030067465D /* Emitters */,
				229D56D5244B5FFE0067465D /* Sounds */,
				22F2CF13243B0C1400858120 /* Assets.xcassets */,
			);
			path = Resources;
			sourceTree = "<group>";
		};
		229D56D4244B5FDF0067465D /* Supporting */ = {
			isa = PBXGroup;
			children = (
				228AFFD12474696D00982AD3 /* Fonts */,
				22F2CF06243B0C1200858120 /* AppDelegate.swift */,
				22F2CF18243B0C1400858120 /* Info.plist */,
			);
			path = Supporting;
			sourceTree = "<group>";
		};
		229D56D5244B5FFE0067465D /* Sounds */ = {
			isa = PBXGroup;
			children = (
				22F90EAE25D34E9100266247 /* Music */,
				22F90EAD25D34E8900266247 /* Sound Effects */,
			);
			path = Sounds;
			sourceTree = "<group>";
		};
		229D56D6244B60030067465D /* Emitters */ = {
			isa = PBXGroup;
			children = (
				2242E0482469D9CC003889EA /* BananaCollection.sks */,
				22F2CF62243B9F4A00858120 /* CoconutExplosion.sks */,
				224B129D2444F30C00A540E5 /* CoconutExplosionUp.sks */,
				22EF07A6245F2C4F0085ABCC /* Explosion.sks */,
				22EF07AA245F2D460085ABCC /* ExplosionUp.sks */,
			);
			path = Emitters;
			sourceTree = "<group>";
		};
		229D56D7244B604B0067465D /* Main */ = {
			isa = PBXGroup;
			children = (
				224B129C2444F28B00A540E5 /* Game */,
				22B3F201249767D100E1F4E2 /* Menu */,
				2242E0962473046B003889EA /* HUD */,
				2242E072246E789D003889EA /* Protocols */,
				2242E073246E791B003889EA /* Utilities */,
				229C126F245733DD0006F464 /* Extensions */,
				22F2CF0E243B0C1200858120 /* GameViewController.swift */,
				22F2CF10243B0C1200858120 /* Main.storyboard */,
				22F2CF15243B0C1400858120 /* LaunchScreen.storyboard */,
				2242E07C246E7A4B003889EA /* Environment.swift */,
			);
			path = Main;
			sourceTree = "<group>";
		};
		22B3F1F62493E7F200E1F4E2 /* Int */ = {
			isa = PBXGroup;
			children = (
				22B3F1F72493E80200E1F4E2 /* Int+Tweenable.swift */,
			);
			path = Int;
			sourceTree = "<group>";
		};
		22B3F201249767D100E1F4E2 /* Menu */ = {
			isa = PBXGroup;
			children = (
				22F27A0A24B1C73700EF455D /* Game Stats */,
				22B3F2192497CAC600E1F4E2 /* MenuViews */,
				22B3F20C249772E900E1F4E2 /* MenuViewController.swift */,
				2221D6EF249FF11D0096B63E /* CountdownView.swift */,
			);
			path = Menu;
			sourceTree = "<group>";
		};
		22B3F2092497729B00E1F4E2 /* UIViewController */ = {
			isa = PBXGroup;
			children = (
				22B3F20A249772BA00E1F4E2 /* UIViewController+ChildViewController.swift */,
			);
			path = UIViewController;
			sourceTree = "<group>";
		};
		22B3F2102497ACC800E1F4E2 /* Device */ = {
			isa = PBXGroup;
			children = (
				22B3F2112497ACD800E1F4E2 /* Device+Extensions.swift */,
			);
			path = Device;
			sourceTree = "<group>";
		};
		22B3F2192497CAC600E1F4E2 /* MenuViews */ = {
			isa = PBXGroup;
			children = (
				22B3F2172497C26A00E1F4E2 /* MainMenuView.swift */,
				22B3F2152497C22A00E1F4E2 /* MainMenuView.xib */,
				22B3F21C2497CAF900E1F4E2 /* PauseMenuView.swift */,
				22B3F21A2497CAEC00E1F4E2 /* PauseMenuView.xib */,
				22942C872498E7CF00A4D136 /* PromptView.swift */,
				22942C852498E7BC00A4D136 /* PromptView.xib */,
			);
			path = MenuViews;
			sourceTree = "<group>";
		};
		22EF04CB25D0381900C3E080 /* CGRect */ = {
			isa = PBXGroup;
			children = (
				22EF04CD25D0383F00C3E080 /* CGRect+Extensions.swift */,
			);
			path = CGRect;
			sourceTree = "<group>";
		};
		22EF04CC25D0382D00C3E080 /* CGSize */ = {
			isa = PBXGroup;
			children = (
				22EF04D125D0385200C3E080 /* CGSize+Extensions.swift */,
			);
			path = CGSize;
			sourceTree = "<group>";
		};
		22EF07A1245F13BC0085ABCC /* Collision */ = {
			isa = PBXGroup;
			children = (
				22EF07A2245F13D30085ABCC /* CollisionType.swift */,
				22EF07A4245F13EC0085ABCC /* CollisionDetectionManager.swift */,
			);
			path = Collision;
			sourceTree = "<group>";
		};
		22F27A0A24B1C73700EF455D /* Game Stats */ = {
			isa = PBXGroup;
			children = (
				22F27A0D24B1CDD100EF455D /* GameStatsViewController.xib */,
				22100EBA24B852280019F0CA /* GameStatsViewController.swift */,
				2224AF5324BD8CF000D0490A /* StatsItemView.swift */,
				2224AF5424BD8CF000D0490A /* StatsItemView.xib */,
				2224B7DA24BF96FC00D0490A /* StatsHeaderFooterView.swift */,
				2224B7DB24BF96FC00D0490A /* StatsHeaderFooterView.xib */,
			);
			path = "Game Stats";
			sourceTree = "<group>";
		};
		22F2CEFA243B0C1200858120 = {
			isa = PBXGroup;
			children = (
				22F2CF05243B0C1200858120 /* TropicalRunner */,
				22F2CF20243B0C1400858120 /* TropicalRunnerTests */,
				22F2CF04243B0C1200858120 /* Products */,
				7C7CA8B34E45830304D81A4D /* Frameworks */,
			);
			sourceTree = "<group>";
		};
		22F2CF04243B0C1200858120 /* Products */ = {
			isa = PBXGroup;
			children = (
				22F2CF03243B0C1200858120 /* TropicalRunner.app */,
				22F2CF1D243B0C1400858120 /* TropicalRunnerTests.xctest */,
			);
			name = Products;
			sourceTree = "<group>";
		};
		22F2CF05243B0C1200858120 /* TropicalRunner */ = {
			isa = PBXGroup;
			children = (
				229D56D7244B604B0067465D /* Main */,
				229D56D3244B5FCC0067465D /* Resources */,
				229D56D4244B5FDF0067465D /* Supporting */,
			);
			path = TropicalRunner;
			sourceTree = "<group>";
		};
		22F2CF20243B0C1400858120 /* TropicalRunnerTests */ = {
			isa = PBXGroup;
			children = (
				22F2CF21243B0C1400858120 /* TropicalRunnerTests.swift */,
				22F2CF23243B0C1400858120 /* Info.plist */,
			);
			path = TropicalRunnerTests;
			sourceTree = "<group>";
		};
		22F90EAD25D34E8900266247 /* Sound Effects */ = {
			isa = PBXGroup;
			children = (
				2231C83525D1D3E300F428D4 /* Scoring */,
				22F90EAF25D34E9E00266247 /* Collision */,
			);
			path = "Sound Effects";
			sourceTree = "<group>";
		};
		22F90EAE25D34E9100266247 /* Music */ = {
			isa = PBXGroup;
			children = (
				225EC6962482BE0A00ED0DD2 /* Background Music */,
			);
			path = Music;
			sourceTree = "<group>";
		};
		22F90EAF25D34E9E00266247 /* Collision */ = {
			isa = PBXGroup;
			children = (
				224B12A12445946800A540E5 /* ImpactPlayer.mp3 */,
				224B12A32445958C00A540E5 /* ImpactFloor.mp3 */,
				22F90EB025D34EBC00266247 /* CollectItem.wav */,
				225EC6A12482CF9E00ED0DD2 /* Explosion.mp3 */,
				225EC69F2482CB8400ED0DD2 /* PlayerHurt.mp3 */,
			);
			path = Collision;
			sourceTree = "<group>";
		};
		7C7CA8B34E45830304D81A4D /* Frameworks */ = {
			isa = PBXGroup;
			children = (
				22B3F2132497AD0500E1F4E2 /* AVFoundation.framework */,
				22B3F20424976FA500E1F4E2 /* FoundationExtended.framework */,
				22B3F20524976FA500E1F4E2 /* TweenKit.framework */,
			);
			name = Frameworks;
			sourceTree = "<group>";
		};
/* End PBXGroup section */

/* Begin PBXNativeTarget section */
		22F2CF02243B0C1200858120 /* TropicalRunner */ = {
			isa = PBXNativeTarget;
			buildConfigurationList = 22F2CF26243B0C1400858120 /* Build configuration list for PBXNativeTarget "TropicalRunner" */;
			buildPhases = (
				22F2CF01243B0C1200858120 /* Resources */,
				22EF04D925D03AE300C3E080 /* Custom Linting */,
				22F2CEFF243B0C1200858120 /* Sources */,
				229D56D2244B5F3F0067465D /* Swiftlint */,
				22F2CF00243B0C1200858120 /* Frameworks */,
				222FB98F24C4C2FD009EE84B /* Set Build Number */,
				22B3F20824976FD000E1F4E2 /* Carthage Copy Frameworks */,
			);
			buildRules = (
			);
			dependencies = (
			);
			name = TropicalRunner;
			productName = CoconutBasket;
			productReference = 22F2CF03243B0C1200858120 /* TropicalRunner.app */;
			productType = "com.apple.product-type.application";
		};
		22F2CF1C243B0C1400858120 /* TropicalRunnerTests */ = {
			isa = PBXNativeTarget;
			buildConfigurationList = 22F2CF29243B0C1400858120 /* Build configuration list for PBXNativeTarget "TropicalRunnerTests" */;
			buildPhases = (
				22F2CF19243B0C1400858120 /* Sources */,
				22F2CF1A243B0C1400858120 /* Frameworks */,
				22F2CF1B243B0C1400858120 /* Resources */,
			);
			buildRules = (
			);
			dependencies = (
				22F2CF1F243B0C1400858120 /* PBXTargetDependency */,
			);
			name = TropicalRunnerTests;
			productName = CoconutBasketTests;
			productReference = 22F2CF1D243B0C1400858120 /* TropicalRunnerTests.xctest */;
			productType = "com.apple.product-type.bundle.unit-test";
		};
/* End PBXNativeTarget section */

/* Begin PBXProject section */
		22F2CEFB243B0C1200858120 /* Project object */ = {
			isa = PBXProject;
			attributes = {
				LastSwiftUpdateCheck = 1130;
				LastUpgradeCheck = 1220;
				ORGANIZATIONNAME = JoshRideout;
				TargetAttributes = {
					22F2CF02243B0C1200858120 = {
						CreatedOnToolsVersion = 11.3.1;
					};
					22F2CF1C243B0C1400858120 = {
						CreatedOnToolsVersion = 11.3.1;
						TestTargetID = 22F2CF02243B0C1200858120;
					};
				};
			};
			buildConfigurationList = 22F2CEFE243B0C1200858120 /* Build configuration list for PBXProject "TropicalRunner" */;
			compatibilityVersion = "Xcode 9.3";
			developmentRegion = en;
			hasScannedForEncodings = 0;
			knownRegions = (
				en,
				Base,
			);
			mainGroup = 22F2CEFA243B0C1200858120;
			productRefGroup = 22F2CF04243B0C1200858120 /* Products */;
			projectDirPath = "";
			projectRoot = "";
			targets = (
				22F2CF02243B0C1200858120 /* TropicalRunner */,
				22F2CF1C243B0C1400858120 /* TropicalRunnerTests */,
			);
		};
/* End PBXProject section */

/* Begin PBXResourcesBuildPhase section */
		22F2CF01243B0C1200858120 /* Resources */ = {
			isa = PBXResourcesBuildPhase;
			buildActionMask = 2147483647;
			files = (
				22F90EB125D34EBC00266247 /* CollectItem.wav in Resources */,
				2224B7DD24BF96FC00D0490A /* StatsHeaderFooterView.xib in Resources */,
				22B3F21B2497CAEC00E1F4E2 /* PauseMenuView.xib in Resources */,
				2242E099247304D6003889EA /* HealthBarView.xib in Resources */,
				22F2CF12243B0C1200858120 /* Main.storyboard in Resources */,
				22F27A0E24B1CDD100EF455D /* GameStatsViewController.xib in Resources */,
				228AFFD42474698100982AD3 /* Kenney Future Narrow.ttf in Resources */,
				22942C862498E7BC00A4D136 /* PromptView.xib in Resources */,
				22F2CF63243B9F4A00858120 /* CoconutExplosion.sks in Resources */,
				228AFFD52474698100982AD3 /* Kenney Future.ttf in Resources */,
				22D02352248BD67F00B12A33 /* GameOverMusic.wav in Resources */,
				22B3F2162497C22A00E1F4E2 /* MainMenuView.xib in Resources */,
				22F2CF14243B0C1400858120 /* Assets.xcassets in Resources */,
				224B129E2444F30C00A540E5 /* CoconutExplosionUp.sks in Resources */,
				225EC6A02482CB8400ED0DD2 /* PlayerHurt.mp3 in Resources */,
				225EC6A22482CF9F00ED0DD2 /* Explosion.mp3 in Resources */,
				225EC69C2482BE2900ED0DD2 /* GrasslandsTheme.mp3 in Resources */,
				22F2CF17243B0C1400858120 /* LaunchScreen.storyboard in Resources */,
				2231C83A25D1D41D00F428D4 /* ScoreAddV2.mp3 in Resources */,
				22EF07A8245F2C4F0085ABCC /* Explosion.sks in Resources */,
				224B12A42445958C00A540E5 /* ImpactFloor.mp3 in Resources */,
				225EC69A2482BE2900ED0DD2 /* MenuTheme.mp3 in Resources */,
				2242E0492469D9CC003889EA /* BananaCollection.sks in Resources */,
				22B3F20024965E2E00E1F4E2 /* DistanceBarView.xib in Resources */,
				2231C83B25D1D41D00F428D4 /* ScoreSubtract.mp3 in Resources */,
				22B3F21F2497CE6A00E1F4E2 /* soupofjustice.ttf in Resources */,
				225EC69B2482BE2900ED0DD2 /* WorldmapTheme.mp3 in Resources */,
				22D02354248BD6BA00B12A33 /* PlayerDied.wav in Resources */,
				22EF07AB245F2D460085ABCC /* ExplosionUp.sks in Resources */,
				2224AF5624BD8CF000D0490A /* StatsItemView.xib in Resources */,
				224B12A22445946800A540E5 /* ImpactPlayer.mp3 in Resources */,
				2231C83925D1D41D00F428D4 /* ScoreAddV1.mp3 in Resources */,
			);
			runOnlyForDeploymentPostprocessing = 0;
		};
		22F2CF1B243B0C1400858120 /* Resources */ = {
			isa = PBXResourcesBuildPhase;
			buildActionMask = 2147483647;
			files = (
			);
			runOnlyForDeploymentPostprocessing = 0;
		};
/* End PBXResourcesBuildPhase section */

/* Begin PBXShellScriptBuildPhase section */
		222FB98F24C4C2FD009EE84B /* Set Build Number */ = {
			isa = PBXShellScriptBuildPhase;
			buildActionMask = 2147483647;
			files = (
			);
			inputFileListPaths = (
			);
			inputPaths = (
			);
			name = "Set Build Number";
			outputFileListPaths = (
			);
			outputPaths = (
			);
			runOnlyForDeploymentPostprocessing = 0;
			shellPath = /bin/sh;
			shellScript = "# Generate the build number using current date and time\nbuildNumber=$(date \"+%Y%m.%d.%H%M\")\n\n# Set the build number in plist file\n/usr/libexec/PlistBuddy -c \"Print\" \"${TARGET_BUILD_DIR}/${INFOPLIST_PATH}\"\n/usr/libexec/PlistBuddy -c \"Set :CFBundleVersion $buildNumber\" \"${TARGET_BUILD_DIR}/${INFOPLIST_PATH}\"\n/usr/libexec/PlistBuddy -c \"Print\" \"${TARGET_BUILD_DIR}/${INFOPLIST_PATH}\"\n";
		};
		229D56D2244B5F3F0067465D /* Swiftlint */ = {
			isa = PBXShellScriptBuildPhase;
			buildActionMask = 2147483647;
			files = (
			);
			inputFileListPaths = (
			);
			inputPaths = (
			);
			name = Swiftlint;
			outputFileListPaths = (
			);
			outputPaths = (
			);
			runOnlyForDeploymentPostprocessing = 0;
			shellPath = /bin/sh;
			shellScript = "#swift run swiftlint\n\nif which swiftlint >/dev/null; then\nswiftlint\nelse\necho \"warning: SwiftLint not installed, download from https://github.com/realm/SwiftLint\"\nfi\n";
		};
		22B3F20824976FD000E1F4E2 /* Carthage Copy Frameworks */ = {
			isa = PBXShellScriptBuildPhase;
			buildActionMask = 2147483647;
			files = (
			);
			inputFileListPaths = (
			);
			inputPaths = (
				"$(SRCROOT)/Carthage/Build/iOS/FoundationExtended.framework",
				"$(SRCROOT)/Carthage/Build/iOS/TweenKit.framework",
			);
			name = "Carthage Copy Frameworks";
			outputFileListPaths = (
			);
			outputPaths = (
				"$(BUILT_PRODUCTS_DIR)/$(FRAMEWORKS_FOLDER_PATH)/FoundationExtended.framework",
				"$(BUILT_PRODUCTS_DIR)/$(FRAMEWORKS_FOLDER_PATH)/TweenKit.framework",
			);
			runOnlyForDeploymentPostprocessing = 0;
			shellPath = /bin/sh;
			shellScript = "/usr/local/bin/carthage copy-frameworks\n";
		};
		22EF04D925D03AE300C3E080 /* Custom Linting */ = {
			isa = PBXShellScriptBuildPhase;
			buildActionMask = 2147483647;
			files = (
			);
			inputFileListPaths = (
			);
			inputPaths = (
			);
			name = "Custom Linting";
			outputFileListPaths = (
			);
			outputPaths = (
			);
			runOnlyForDeploymentPostprocessing = 0;
			shellPath = /bin/sh;
			shellScript = "python3 \"${SRCROOT}/Custom Linting/custom_linting.py\" \"${SRCROOT}\" \"${SRCROOT}/TropicalRunner\"\n";
		};
/* End PBXShellScriptBuildPhase section */

/* Begin PBXSourcesBuildPhase section */
		22F2CEFF243B0C1200858120 /* Sources */ = {
			isa = PBXSourcesBuildPhase;
			buildActionMask = 2147483647;
			files = (
				22100EBC24B852280019F0CA /* GameStatsViewController.swift in Sources */,
				22F2CF0D243B0C1200858120 /* GameScene.swift in Sources */,
				22EF04D225D0385200C3E080 /* CGSize+Extensions.swift in Sources */,
				22EF04C825D0368200C3E080 /* Device.swift in Sources */,
				22B3F2182497C26A00E1F4E2 /* MainMenuView.swift in Sources */,
				225EC6B024854FCE00ED0DD2 /* Music.swift in Sources */,
				22B3F20B249772BA00E1F4E2 /* UIViewController+ChildViewController.swift in Sources */,
				22D35D9E244CE7DE005E3E83 /* GameNode.swift in Sources */,
				2224AF5524BD8CF000D0490A /* StatsItemView.swift in Sources */,
				229C1271245733F00006F464 /* UIColor+Color.swift in Sources */,
				2242E0A124731A43003889EA /* Bundle+LoadFromNib.swift in Sources */,
				224B129B2444EF8600A540E5 /* Background.swift in Sources */,
				22EF04C425D0354200C3E080 /* Fonts.swift in Sources */,
				225EC6B4248589FD00ED0DD2 /* Monkey.swift in Sources */,
				2242E075246E793D003889EA /* ApplicationEventsDispatcher.swift in Sources */,
				22B3F1FF24965E2E00E1F4E2 /* DistanceBarView.swift in Sources */,
				22F2CF0F243B0C1200858120 /* GameViewController.swift in Sources */,
				225EC6B824890EF400ED0DD2 /* GameLogic.swift in Sources */,
				22301E09245E082E00FF0AD0 /* Bomb.swift in Sources */,
				2242E07F246E7A7D003889EA /* EnvironmentConfigurer.swift in Sources */,
				22EF07A5245F13EC0085ABCC /* CollisionDetectionManager.swift in Sources */,
				22F2CF07243B0C1200858120 /* AppDelegate.swift in Sources */,
				2224AF5224BCFE3200D0490A /* DequeuableTableViewCell.swift in Sources */,
				2224B7DC24BF96FC00D0490A /* StatsHeaderFooterView.swift in Sources */,
				225EC6B62486E03000ED0DD2 /* GameObjectsLayers.swift in Sources */,
				22B3F2122497ACD800E1F4E2 /* Device+Extensions.swift in Sources */,
				2221D6F0249FF11D0096B63E /* CountdownView.swift in Sources */,
				224B1295243FB5B400A540E5 /* Player.swift in Sources */,
				2242E0A524731BA4003889EA /* UIView+Autolayout.swift in Sources */,
				22EF07A3245F13D30085ABCC /* CollisionType.swift in Sources */,
				22100EB924B84DB60019F0CA /* UIVIew+Animations.swift in Sources */,
				225EC6BE248913EE00ED0DD2 /* Scheduler.swift in Sources */,
				2242E079246E799C003889EA /* Observable.swift in Sources */,
				22B3F21D2497CAF900E1F4E2 /* PauseMenuView.swift in Sources */,
				225EC6B224854FDD00ED0DD2 /* SoundEffect.swift in Sources */,
				222EDC322454CEC400F38F79 /* BackgroundManager.swift in Sources */,
				22F2CF67243BDDE500858120 /* PalmTree.swift in Sources */,
				225EC6A42482F34600ED0DD2 /* AudioManager.swift in Sources */,
				22EF04CE25D0383F00C3E080 /* CGRect+Extensions.swift in Sources */,
				225EC6C02489249100ED0DD2 /* ActionTimer.swift in Sources */,
				2242E07D246E7A4B003889EA /* Environment.swift in Sources */,
				2242E07B246E7A0D003889EA /* GameState.swift in Sources */,
				22B3F1F82493E80200E1F4E2 /* Int+Tweenable.swift in Sources */,
				2242E03F24647623003889EA /* Banana.swift in Sources */,
				22B3F20E249772E900E1F4E2 /* MenuViewController.swift in Sources */,
				224B12992444CE3F00A540E5 /* Coconut.swift in Sources */,
				2242E09B24730554003889EA /* HealthBarView.swift in Sources */,
				22942C882498E7CF00A4D136 /* PromptView.swift in Sources */,
				2242E081246E7B8E003889EA /* CollisionEventsDispatcher.swift in Sources */,
			);
			runOnlyForDeploymentPostprocessing = 0;
		};
		22F2CF19243B0C1400858120 /* Sources */ = {
			isa = PBXSourcesBuildPhase;
			buildActionMask = 2147483647;
			files = (
				22F2CF22243B0C1400858120 /* TropicalRunnerTests.swift in Sources */,
			);
			runOnlyForDeploymentPostprocessing = 0;
		};
/* End PBXSourcesBuildPhase section */

/* Begin PBXTargetDependency section */
		22F2CF1F243B0C1400858120 /* PBXTargetDependency */ = {
			isa = PBXTargetDependency;
			target = 22F2CF02243B0C1200858120 /* TropicalRunner */;
			targetProxy = 22F2CF1E243B0C1400858120 /* PBXContainerItemProxy */;
		};
/* End PBXTargetDependency section */

/* Begin PBXVariantGroup section */
		22F2CF10243B0C1200858120 /* Main.storyboard */ = {
			isa = PBXVariantGroup;
			children = (
				22F2CF11243B0C1200858120 /* Base */,
			);
			name = Main.storyboard;
			sourceTree = "<group>";
		};
		22F2CF15243B0C1400858120 /* LaunchScreen.storyboard */ = {
			isa = PBXVariantGroup;
			children = (
				22F2CF16243B0C1400858120 /* Base */,
			);
			name = LaunchScreen.storyboard;
			sourceTree = "<group>";
		};
/* End PBXVariantGroup section */

/* Begin XCBuildConfiguration section */
		22F2CF24243B0C1400858120 /* Debug */ = {
			isa = XCBuildConfiguration;
			buildSettings = {
				ALWAYS_SEARCH_USER_PATHS = NO;
				CLANG_ANALYZER_NONNULL = YES;
				CLANG_ANALYZER_NUMBER_OBJECT_CONVERSION = YES_AGGRESSIVE;
				CLANG_CXX_LANGUAGE_STANDARD = "gnu++14";
				CLANG_CXX_LIBRARY = "libc++";
				CLANG_ENABLE_MODULES = YES;
				CLANG_ENABLE_OBJC_ARC = YES;
				CLANG_ENABLE_OBJC_WEAK = YES;
				CLANG_WARN_BLOCK_CAPTURE_AUTORELEASING = YES;
				CLANG_WARN_BOOL_CONVERSION = YES;
				CLANG_WARN_COMMA = YES;
				CLANG_WARN_CONSTANT_CONVERSION = YES;
				CLANG_WARN_DEPRECATED_OBJC_IMPLEMENTATIONS = YES;
				CLANG_WARN_DIRECT_OBJC_ISA_USAGE = YES_ERROR;
				CLANG_WARN_DOCUMENTATION_COMMENTS = YES;
				CLANG_WARN_EMPTY_BODY = YES;
				CLANG_WARN_ENUM_CONVERSION = YES;
				CLANG_WARN_INFINITE_RECURSION = YES;
				CLANG_WARN_INT_CONVERSION = YES;
				CLANG_WARN_NON_LITERAL_NULL_CONVERSION = YES;
				CLANG_WARN_OBJC_IMPLICIT_RETAIN_SELF = YES;
				CLANG_WARN_OBJC_LITERAL_CONVERSION = YES;
				CLANG_WARN_OBJC_ROOT_CLASS = YES_ERROR;
				CLANG_WARN_QUOTED_INCLUDE_IN_FRAMEWORK_HEADER = YES;
				CLANG_WARN_RANGE_LOOP_ANALYSIS = YES;
				CLANG_WARN_STRICT_PROTOTYPES = YES;
				CLANG_WARN_SUSPICIOUS_MOVE = YES;
				CLANG_WARN_UNGUARDED_AVAILABILITY = YES_AGGRESSIVE;
				CLANG_WARN_UNREACHABLE_CODE = YES;
				CLANG_WARN__DUPLICATE_METHOD_MATCH = YES;
				COPY_PHASE_STRIP = NO;
				DEBUG_INFORMATION_FORMAT = dwarf;
				ENABLE_STRICT_OBJC_MSGSEND = YES;
				ENABLE_TESTABILITY = YES;
				GCC_C_LANGUAGE_STANDARD = gnu11;
				GCC_DYNAMIC_NO_PIC = NO;
				GCC_NO_COMMON_BLOCKS = YES;
				GCC_OPTIMIZATION_LEVEL = 0;
				GCC_PREPROCESSOR_DEFINITIONS = (
					"DEBUG=1",
					"$(inherited)",
				);
				GCC_WARN_64_TO_32_BIT_CONVERSION = YES;
				GCC_WARN_ABOUT_RETURN_TYPE = YES_ERROR;
				GCC_WARN_UNDECLARED_SELECTOR = YES;
				GCC_WARN_UNINITIALIZED_AUTOS = YES_AGGRESSIVE;
				GCC_WARN_UNUSED_FUNCTION = YES;
				GCC_WARN_UNUSED_VARIABLE = YES;
				IPHONEOS_DEPLOYMENT_TARGET = 13.2;
				MTL_ENABLE_DEBUG_INFO = INCLUDE_SOURCE;
				MTL_FAST_MATH = YES;
				ONLY_ACTIVE_ARCH = YES;
				SDKROOT = iphoneos;
				SWIFT_ACTIVE_COMPILATION_CONDITIONS = DEBUG;
				SWIFT_OPTIMIZATION_LEVEL = "-Onone";
			};
			name = Debug;
		};
		22F2CF25243B0C1400858120 /* Release */ = {
			isa = XCBuildConfiguration;
			buildSettings = {
				ALWAYS_SEARCH_USER_PATHS = NO;
				CLANG_ANALYZER_NONNULL = YES;
				CLANG_ANALYZER_NUMBER_OBJECT_CONVERSION = YES_AGGRESSIVE;
				CLANG_CXX_LANGUAGE_STANDARD = "gnu++14";
				CLANG_CXX_LIBRARY = "libc++";
				CLANG_ENABLE_MODULES = YES;
				CLANG_ENABLE_OBJC_ARC = YES;
				CLANG_ENABLE_OBJC_WEAK = YES;
				CLANG_WARN_BLOCK_CAPTURE_AUTORELEASING = YES;
				CLANG_WARN_BOOL_CONVERSION = YES;
				CLANG_WARN_COMMA = YES;
				CLANG_WARN_CONSTANT_CONVERSION = YES;
				CLANG_WARN_DEPRECATED_OBJC_IMPLEMENTATIONS = YES;
				CLANG_WARN_DIRECT_OBJC_ISA_USAGE = YES_ERROR;
				CLANG_WARN_DOCUMENTATION_COMMENTS = YES;
				CLANG_WARN_EMPTY_BODY = YES;
				CLANG_WARN_ENUM_CONVERSION = YES;
				CLANG_WARN_INFINITE_RECURSION = YES;
				CLANG_WARN_INT_CONVERSION = YES;
				CLANG_WARN_NON_LITERAL_NULL_CONVERSION = YES;
				CLANG_WARN_OBJC_IMPLICIT_RETAIN_SELF = YES;
				CLANG_WARN_OBJC_LITERAL_CONVERSION = YES;
				CLANG_WARN_OBJC_ROOT_CLASS = YES_ERROR;
				CLANG_WARN_QUOTED_INCLUDE_IN_FRAMEWORK_HEADER = YES;
				CLANG_WARN_RANGE_LOOP_ANALYSIS = YES;
				CLANG_WARN_STRICT_PROTOTYPES = YES;
				CLANG_WARN_SUSPICIOUS_MOVE = YES;
				CLANG_WARN_UNGUARDED_AVAILABILITY = YES_AGGRESSIVE;
				CLANG_WARN_UNREACHABLE_CODE = YES;
				CLANG_WARN__DUPLICATE_METHOD_MATCH = YES;
				COPY_PHASE_STRIP = NO;
				DEBUG_INFORMATION_FORMAT = "dwarf-with-dsym";
				ENABLE_NS_ASSERTIONS = NO;
				ENABLE_STRICT_OBJC_MSGSEND = YES;
				GCC_C_LANGUAGE_STANDARD = gnu11;
				GCC_NO_COMMON_BLOCKS = YES;
				GCC_WARN_64_TO_32_BIT_CONVERSION = YES;
				GCC_WARN_ABOUT_RETURN_TYPE = YES_ERROR;
				GCC_WARN_UNDECLARED_SELECTOR = YES;
				GCC_WARN_UNINITIALIZED_AUTOS = YES_AGGRESSIVE;
				GCC_WARN_UNUSED_FUNCTION = YES;
				GCC_WARN_UNUSED_VARIABLE = YES;
				IPHONEOS_DEPLOYMENT_TARGET = 13.2;
				MTL_ENABLE_DEBUG_INFO = NO;
				MTL_FAST_MATH = YES;
				SDKROOT = iphoneos;
				SWIFT_COMPILATION_MODE = wholemodule;
				SWIFT_OPTIMIZATION_LEVEL = "-O";
				VALIDATE_PRODUCT = YES;
			};
			name = Release;
		};
		22F2CF27243B0C1400858120 /* Debug */ = {
			isa = XCBuildConfiguration;
			buildSettings = {
				ASSETCATALOG_COMPILER_APPICON_NAME = AppIcon;
				CODE_SIGN_IDENTITY = "iPhone Developer";
				CODE_SIGN_STYLE = Manual;
				CURRENT_PROJECT_VERSION = "Set at build time";
				DEVELOPMENT_TEAM = RBV9EAC82V;
				FRAMEWORK_SEARCH_PATHS = (
					"$(inherited)",
					"$(PROJECT_DIR)/Carthage/Build/iOS",
				);
				INFOPLIST_FILE = TropicalRunner/Supporting/Info.plist;
				IPHONEOS_DEPLOYMENT_TARGET = 12.0;
				LD_RUNPATH_SEARCH_PATHS = (
					"$(inherited)",
					"@executable_path/Frameworks",
				);
				MARKETING_VERSION = 0.1;
				PRODUCT_BUNDLE_IDENTIFIER = com.rideout.TropicalRunner;
				PRODUCT_NAME = TropicalRunner;
				PROVISIONING_PROFILE_SPECIFIER = "match Development com.rideout.TropicalRunner";
				SWIFT_VERSION = 5.0;
				TARGETED_DEVICE_FAMILY = "1,2";
			};
			name = Debug;
		};
		22F2CF28243B0C1400858120 /* Release */ = {
			isa = XCBuildConfiguration;
			buildSettings = {
				ASSETCATALOG_COMPILER_APPICON_NAME = AppIcon;
				CODE_SIGN_IDENTITY = "iPhone Developer";
				CODE_SIGN_STYLE = Manual;
				CURRENT_PROJECT_VERSION = "Set at build time";
				DEVELOPMENT_TEAM = RBV9EAC82V;
				FRAMEWORK_SEARCH_PATHS = (
					"$(inherited)",
					"$(PROJECT_DIR)/Carthage/Build/iOS",
				);
				INFOPLIST_FILE = TropicalRunner/Supporting/Info.plist;
				IPHONEOS_DEPLOYMENT_TARGET = 12.0;
				LD_RUNPATH_SEARCH_PATHS = (
					"$(inherited)",
					"@executable_path/Frameworks",
				);
				MARKETING_VERSION = 0.1;
				PRODUCT_BUNDLE_IDENTIFIER = com.rideout.TropicalRunner;
				PRODUCT_NAME = TropicalRunner;
				PROVISIONING_PROFILE_SPECIFIER = "match Development com.rideout.TropicalRunner";
				SWIFT_VERSION = 5.0;
				TARGETED_DEVICE_FAMILY = "1,2";
			};
			name = Release;
		};
		22F2CF2A243B0C1400858120 /* Debug */ = {
			isa = XCBuildConfiguration;
			buildSettings = {
				ALWAYS_EMBED_SWIFT_STANDARD_LIBRARIES = YES;
				BUNDLE_LOADER = "$(TEST_HOST)";
				CODE_SIGN_STYLE = Automatic;
				DEVELOPMENT_TEAM = RBV9EAC82V;
				INFOPLIST_FILE = TropicalRunnerTests/Info.plist;
				IPHONEOS_DEPLOYMENT_TARGET = 13.2;
				LD_RUNPATH_SEARCH_PATHS = (
					"$(inherited)",
					"@executable_path/Frameworks",
					"@loader_path/Frameworks",
				);
				PRODUCT_BUNDLE_IDENTIFIER = com.rideout.TropicalRunnerTests;
				PRODUCT_NAME = "$(TARGET_NAME)";
				SWIFT_VERSION = 5.0;
				TARGETED_DEVICE_FAMILY = "1,2";
				TEST_HOST = "$(BUILT_PRODUCTS_DIR)/TropicalRunner.app/TropicalRunner";
			};
			name = Debug;
		};
		22F2CF2B243B0C1400858120 /* Release */ = {
			isa = XCBuildConfiguration;
			buildSettings = {
				ALWAYS_EMBED_SWIFT_STANDARD_LIBRARIES = YES;
				BUNDLE_LOADER = "$(TEST_HOST)";
				CODE_SIGN_STYLE = Automatic;
				DEVELOPMENT_TEAM = RBV9EAC82V;
				INFOPLIST_FILE = TropicalRunnerTests/Info.plist;
				IPHONEOS_DEPLOYMENT_TARGET = 13.2;
				LD_RUNPATH_SEARCH_PATHS = (
					"$(inherited)",
					"@executable_path/Frameworks",
					"@loader_path/Frameworks",
				);
				PRODUCT_BUNDLE_IDENTIFIER = com.rideout.TropicalRunnerTests;
				PRODUCT_NAME = "$(TARGET_NAME)";
				SWIFT_VERSION = 5.0;
				TARGETED_DEVICE_FAMILY = "1,2";
				TEST_HOST = "$(BUILT_PRODUCTS_DIR)/TropicalRunner.app/TropicalRunner";
			};
			name = Release;
		};
/* End XCBuildConfiguration section */

/* Begin XCConfigurationList section */
		22F2CEFE243B0C1200858120 /* Build configuration list for PBXProject "TropicalRunner" */ = {
			isa = XCConfigurationList;
			buildConfigurations = (
				22F2CF24243B0C1400858120 /* Debug */,
				22F2CF25243B0C1400858120 /* Release */,
			);
			defaultConfigurationIsVisible = 0;
			defaultConfigurationName = Release;
		};
		22F2CF26243B0C1400858120 /* Build configuration list for PBXNativeTarget "TropicalRunner" */ = {
			isa = XCConfigurationList;
			buildConfigurations = (
				22F2CF27243B0C1400858120 /* Debug */,
				22F2CF28243B0C1400858120 /* Release */,
			);
			defaultConfigurationIsVisible = 0;
			defaultConfigurationName = Release;
		};
		22F2CF29243B0C1400858120 /* Build configuration list for PBXNativeTarget "TropicalRunnerTests" */ = {
			isa = XCConfigurationList;
			buildConfigurations = (
				22F2CF2A243B0C1400858120 /* Debug */,
				22F2CF2B243B0C1400858120 /* Release */,
			);
			defaultConfigurationIsVisible = 0;
			defaultConfigurationName = Release;
		};
/* End XCConfigurationList section */
	};
	rootObject = 22F2CEFB243B0C1200858120 /* Project object */;
}
